
Microsoft Visual Studio Solution File, Format Version 12.00
# Visual Studio 15
VisualStudioVersion = 15.0.28307.168
MinimumVisualStudioVersion = 10.0.40219.1
Project("{FAE04EC0-301F-11D3-BF4B-00C04F79EFBC}") = "VelovApi", "VelovApi\VelovApi.csproj", "{0E4D8FAD-735B-4C36-86F2-6BD6C188D9E5}"
EndProject
Global
	GlobalSection(SolutionConfigurationPlatforms) = preSolution
		Debug|Any CPU = Debug|Any CPU
		Release|Any CPU = Release|Any CPU
	EndGlobalSection
	GlobalSection(ProjectConfigurationPlatforms) = postSolution
		{0E4D8FAD-735B-4C36-86F2-6BD6C188D9E5}.Debug|Any CPU.ActiveCfg = Debug|Any CPU
		{0E4D8FAD-735B-4C36-86F2-6BD6C188D9E5}.Debug|Any CPU.Build.0 = Debug|Any CPU
		{0E4D8FAD-735B-4C36-86F2-6BD6C188D9E5}.Release|Any CPU.ActiveCfg = Release|Any CPU
		{0E4D8FAD-735B-4C36-86F2-6BD6C188D9E5}.Release|Any CPU.Build.0 = Release|Any CPU
	EndGlobalSection
	GlobalSection(SolutionProperties) = preSolution
		HideSolutionNode = FALSE
	EndGlobalSection
	GlobalSection(ExtensibilityGlobals) = postSolution
		SolutionGuid = {E30B291A-7D00-4E9C-BFAB-7731C15D2F27}
	EndGlobalSection
EndGlobal
